
Microsoft Visual Studio Solution File, Format Version 12.00
# Visual Studio Version 16
VisualStudioVersion = 16.0.28803.202
MinimumVisualStudioVersion = 10.0.40219.1
Project("{8BC9CEB8-8B4A-11D0-8D11-00A0C91BC942}") = "TimeTable", "TimeTable.vcxproj", "{DFBB3C25-5D1C-46DB-B33A-F2CE4F9E21ED}"
EndProject
Global
	GlobalSection(SolutionConfigurationPlatforms) = preSolution
		Debug|x64 = Debug|x64
		Debug|x86 = Debug|x86
		Release|x64 = Release|x64
		Release|x86 = Release|x86
	EndGlobalSection
	GlobalSection(ProjectConfigurationPlatforms) = postSolution
		{DFBB3C25-5D1C-46DB-B33A-F2CE4F9E21ED}.Debug|x64.ActiveCfg = Debug|x64
		{DFBB3C25-5D1C-46DB-B33A-F2CE4F9E21ED}.Debug|x64.Build.0 = Debug|x64
		{DFBB3C25-5D1C-46DB-B33A-F2CE4F9E21ED}.Debug|x86.ActiveCfg = Debug|Win32
		{DFBB3C25-5D1C-46DB-B33A-F2CE4F9E21ED}.Debug|x86.Build.0 = Debug|Win32
		{DFBB3C25-5D1C-46DB-B33A-F2CE4F9E21ED}.Release|x64.ActiveCfg = Release|x64
		{DFBB3C25-5D1C-46DB-B33A-F2CE4F9E21ED}.Release|x64.Build.0 = Release|x64
		{DFBB3C25-5D1C-46DB-B33A-F2CE4F9E21ED}.Release|x86.ActiveCfg = Release|Win32
		{DFBB3C25-5D1C-46DB-B33A-F2CE4F9E21ED}.Release|x86.Build.0 = Release|Win32
	EndGlobalSection
	GlobalSection(SolutionProperties) = preSolution
		HideSolutionNode = FALSE
	EndGlobalSection
	GlobalSection(ExtensibilityGlobals) = postSolution
		SolutionGuid = {49072762-16CA-4AAF-90E0-53AA3A4D5B8F}
	EndGlobalSection
EndGlobal
